
Microsoft Visual Studio Solution File, Format Version 12.00
# Visual Studio 14
VisualStudioVersion = 14.0.25420.1
MinimumVisualStudioVersion = 10.0.40219.1
Project("{FAE04EC0-301F-11D3-BF4B-00C04F79EFBC}") = "Lesson1", "Lesson1\Lesson1.csproj", "{334813B6-04CD-4F0E-BBD7-47E28C4F0F18}"
EndProject
Project("{2150E333-8FDC-42A3-9474-1A3956D46DE8}") = "Examples", "Examples", "{FEEBA52F-7AB9-49D7-B8B9-EE9E18EA2F5F}"
EndProject
Project("{2150E333-8FDC-42A3-9474-1A3956D46DE8}") = "Homework", "Homework", "{F042C537-4FD9-4EB8-ABD4-9FC9AF9BEF59}"
EndProject
Project("{FAE04EC0-301F-11D3-BF4B-00C04F79EFBC}") = "Assignment1", "Assignment1\Assignment1.csproj", "{AF1495ED-7CA3-4217-9EAE-0C8406FFF9BF}"
EndProject
Project("{FAE04EC0-301F-11D3-BF4B-00C04F79EFBC}") = "Lesson2", "Lesson2\Lesson2.csproj", "{151187B0-5AF9-414B-B56E-CB3DDFE74033}"
EndProject
Project("{FAE04EC0-301F-11D3-BF4B-00C04F79EFBC}") = "Assignment2", "Assignment2\Assignment2.csproj", "{E8DFFE38-BE84-47F5-853D-0D668ECBB673}"
EndProject
Project("{FAE04EC0-301F-11D3-BF4B-00C04F79EFBC}") = "assignment3", "assignment3\assignment3.csproj", "{94BD9DC6-B340-4C25-AD07-B6C0DD3114C1}"
EndProject
Project("{FAE04EC0-301F-11D3-BF4B-00C04F79EFBC}") = "Lesson3", "Lesson3\Lesson3.csproj", "{0BBE5CD5-5133-4004-B32C-F4D1513B07E7}"
EndProject
Project("{FAE04EC0-301F-11D3-BF4B-00C04F79EFBC}") = "Assignment4", "Assignment4\Assignment4.csproj", "{572DDB68-C730-405B-8749-5D7D6873BCCA}"
EndProject
Project("{FAE04EC0-301F-11D3-BF4B-00C04F79EFBC}") = "Lesson4", "Lesson4\Lesson4.csproj", "{35618551-B25F-4A64-A16A-0DA421C44A29}"
EndProject
Global
	GlobalSection(SolutionConfigurationPlatforms) = preSolution
		Debug|Any CPU = Debug|Any CPU
		Release|Any CPU = Release|Any CPU
	EndGlobalSection
	GlobalSection(ProjectConfigurationPlatforms) = postSolution
		{334813B6-04CD-4F0E-BBD7-47E28C4F0F18}.Debug|Any CPU.ActiveCfg = Debug|Any CPU
		{334813B6-04CD-4F0E-BBD7-47E28C4F0F18}.Debug|Any CPU.Build.0 = Debug|Any CPU
		{334813B6-04CD-4F0E-BBD7-47E28C4F0F18}.Release|Any CPU.ActiveCfg = Release|Any CPU
		{334813B6-04CD-4F0E-BBD7-47E28C4F0F18}.Release|Any CPU.Build.0 = Release|Any CPU
		{AF1495ED-7CA3-4217-9EAE-0C8406FFF9BF}.Debug|Any CPU.ActiveCfg = Debug|Any CPU
		{AF1495ED-7CA3-4217-9EAE-0C8406FFF9BF}.Debug|Any CPU.Build.0 = Debug|Any CPU
		{AF1495ED-7CA3-4217-9EAE-0C8406FFF9BF}.Release|Any CPU.ActiveCfg = Release|Any CPU
		{AF1495ED-7CA3-4217-9EAE-0C8406FFF9BF}.Release|Any CPU.Build.0 = Release|Any CPU
		{151187B0-5AF9-414B-B56E-CB3DDFE74033}.Debug|Any CPU.ActiveCfg = Debug|Any CPU
		{151187B0-5AF9-414B-B56E-CB3DDFE74033}.Debug|Any CPU.Build.0 = Debug|Any CPU
		{151187B0-5AF9-414B-B56E-CB3DDFE74033}.Release|Any CPU.ActiveCfg = Release|Any CPU
		{151187B0-5AF9-414B-B56E-CB3DDFE74033}.Release|Any CPU.Build.0 = Release|Any CPU
		{E8DFFE38-BE84-47F5-853D-0D668ECBB673}.Debug|Any CPU.ActiveCfg = Debug|Any CPU
		{E8DFFE38-BE84-47F5-853D-0D668ECBB673}.Debug|Any CPU.Build.0 = Debug|Any CPU
		{E8DFFE38-BE84-47F5-853D-0D668ECBB673}.Release|Any CPU.ActiveCfg = Release|Any CPU
		{E8DFFE38-BE84-47F5-853D-0D668ECBB673}.Release|Any CPU.Build.0 = Release|Any CPU
		{94BD9DC6-B340-4C25-AD07-B6C0DD3114C1}.Debug|Any CPU.ActiveCfg = Debug|Any CPU
		{94BD9DC6-B340-4C25-AD07-B6C0DD3114C1}.Debug|Any CPU.Build.0 = Debug|Any CPU
		{94BD9DC6-B340-4C25-AD07-B6C0DD3114C1}.Release|Any CPU.ActiveCfg = Release|Any CPU
		{94BD9DC6-B340-4C25-AD07-B6C0DD3114C1}.Release|Any CPU.Build.0 = Release|Any CPU
		{0BBE5CD5-5133-4004-B32C-F4D1513B07E7}.Debug|Any CPU.ActiveCfg = Debug|Any CPU
		{0BBE5CD5-5133-4004-B32C-F4D1513B07E7}.Debug|Any CPU.Build.0 = Debug|Any CPU
		{0BBE5CD5-5133-4004-B32C-F4D1513B07E7}.Release|Any CPU.ActiveCfg = Release|Any CPU
		{0BBE5CD5-5133-4004-B32C-F4D1513B07E7}.Release|Any CPU.Build.0 = Release|Any CPU
		{572DDB68-C730-405B-8749-5D7D6873BCCA}.Debug|Any CPU.ActiveCfg = Debug|Any CPU
		{572DDB68-C730-405B-8749-5D7D6873BCCA}.Debug|Any CPU.Build.0 = Debug|Any CPU
		{572DDB68-C730-405B-8749-5D7D6873BCCA}.Release|Any CPU.ActiveCfg = Release|Any CPU
		{572DDB68-C730-405B-8749-5D7D6873BCCA}.Release|Any CPU.Build.0 = Release|Any CPU
		{35618551-B25F-4A64-A16A-0DA421C44A29}.Debug|Any CPU.ActiveCfg = Debug|Any CPU
		{35618551-B25F-4A64-A16A-0DA421C44A29}.Debug|Any CPU.Build.0 = Debug|Any CPU
		{35618551-B25F-4A64-A16A-0DA421C44A29}.Release|Any CPU.ActiveCfg = Release|Any CPU
		{35618551-B25F-4A64-A16A-0DA421C44A29}.Release|Any CPU.Build.0 = Release|Any CPU
	EndGlobalSection
	GlobalSection(SolutionProperties) = preSolution
		HideSolutionNode = FALSE
	EndGlobalSection
	GlobalSection(NestedProjects) = preSolution
		{334813B6-04CD-4F0E-BBD7-47E28C4F0F18} = {FEEBA52F-7AB9-49D7-B8B9-EE9E18EA2F5F}
		{AF1495ED-7CA3-4217-9EAE-0C8406FFF9BF} = {F042C537-4FD9-4EB8-ABD4-9FC9AF9BEF59}
		{151187B0-5AF9-414B-B56E-CB3DDFE74033} = {FEEBA52F-7AB9-49D7-B8B9-EE9E18EA2F5F}
		{E8DFFE38-BE84-47F5-853D-0D668ECBB673} = {F042C537-4FD9-4EB8-ABD4-9FC9AF9BEF59}
		{94BD9DC6-B340-4C25-AD07-B6C0DD3114C1} = {F042C537-4FD9-4EB8-ABD4-9FC9AF9BEF59}
		{0BBE5CD5-5133-4004-B32C-F4D1513B07E7} = {FEEBA52F-7AB9-49D7-B8B9-EE9E18EA2F5F}
		{572DDB68-C730-405B-8749-5D7D6873BCCA} = {F042C537-4FD9-4EB8-ABD4-9FC9AF9BEF59}
		{35618551-B25F-4A64-A16A-0DA421C44A29} = {FEEBA52F-7AB9-49D7-B8B9-EE9E18EA2F5F}
	EndGlobalSection
EndGlobal
